// !$*UTF8*$!
{
	archiveVersion = 1;
	classes = {
	};
	objectVersion = 46;
	objects = {

/* Begin PBXBuildFile section */
		0FF8606B6DF8D78EC63083FE /* Pods_iTunesify_Remote.framework in Frameworks */ = {isa = PBXBuildFile; fileRef = 3071F4A5A4EDC6FAC25B36E9 /* Pods_iTunesify_Remote.framework */; };
		A3873E991D45A22800A9824B /* IFYSpotify.swift in Sources */ = {isa = PBXBuildFile; fileRef = A3873E981D45A22800A9824B /* IFYSpotify.swift */; };
		A3873EA01D45A6C000A9824B /* iTunesBridge.m in Sources */ = {isa = PBXBuildFile; fileRef = A3873E9F1D45A6C000A9824B /* iTunesBridge.m */; };
		A3873EA31D45AA1F00A9824B /* SpotifyBridge.m in Sources */ = {isa = PBXBuildFile; fileRef = A3873EA21D45AA1F00A9824B /* SpotifyBridge.m */; };
		A3873EA51D46D56500A9824B /* IFYSystemVolume.swift in Sources */ = {isa = PBXBuildFile; fileRef = A3873EA41D46D56500A9824B /* IFYSystemVolume.swift */; };
		A3873EA91D46D90900A9824B /* ISSoundAdditions.m in Sources */ = {isa = PBXBuildFile; fileRef = A3873EA81D46D90900A9824B /* ISSoundAdditions.m */; };
		A3873EAB1D46D93300A9824B /* CoreAudio.framework in Frameworks */ = {isa = PBXBuildFile; fileRef = A3873EAA1D46D93300A9824B /* CoreAudio.framework */; };
		A3873EAD1D46E3B000A9824B /* NSBundle+AppInfo.swift in Sources */ = {isa = PBXBuildFile; fileRef = A3873EAC1D46E3B000A9824B /* NSBundle+AppInfo.swift */; };
		A3873EAF1D46E87E00A9824B /* IFYNetworkInfo.swift in Sources */ = {isa = PBXBuildFile; fileRef = A3873EAE1D46E87E00A9824B /* IFYNetworkInfo.swift */; };
		A38E84321D443C73003368BE /* IFYServer.swift in Sources */ = {isa = PBXBuildFile; fileRef = A38E84311D443C73003368BE /* IFYServer.swift */; };
		A38E84371D4573D8003368BE /* IFYiTunes.swift in Sources */ = {isa = PBXBuildFile; fileRef = A38E84361D4573D8003368BE /* IFYiTunes.swift */; };
		A38E843C1D457F8D003368BE /* ScriptingBridge.framework in Frameworks */ = {isa = PBXBuildFile; fileRef = A38E843B1D457F8D003368BE /* ScriptingBridge.framework */; };
		A38E84421D4585C7003368BE /* IFYTrack.swift in Sources */ = {isa = PBXBuildFile; fileRef = A38E84411D4585C7003368BE /* IFYTrack.swift */; };
		A38E84441D45877E003368BE /* IFYPlayer.swift in Sources */ = {isa = PBXBuildFile; fileRef = A38E84431D45877E003368BE /* IFYPlayer.swift */; };
		A3F3D4891D2EA88700BE9D01 /* AppDelegate.swift in Sources */ = {isa = PBXBuildFile; fileRef = A3F3D4881D2EA88700BE9D01 /* AppDelegate.swift */; };
		A3F3D48B1D2EA88700BE9D01 /* Assets.xcassets in Resources */ = {isa = PBXBuildFile; fileRef = A3F3D48A1D2EA88700BE9D01 /* Assets.xcassets */; };
		A3F3D48E1D2EA88700BE9D01 /* MainMenu.xib in Resources */ = {isa = PBXBuildFile; fileRef = A3F3D48C1D2EA88700BE9D01 /* MainMenu.xib */; };
		A3F3D4961D2EAAF600BE9D01 /* StatusMenuController.swift in Sources */ = {isa = PBXBuildFile; fileRef = A3F3D4951D2EAAF600BE9D01 /* StatusMenuController.swift */; };
/* End PBXBuildFile section */

/* Begin PBXFileReference section */
		3071F4A5A4EDC6FAC25B36E9 /* Pods_iTunesify_Remote.framework */ = {isa = PBXFileReference; explicitFileType = wrapper.framework; includeInIndex = 0; path = Pods_iTunesify_Remote.framework; sourceTree = BUILT_PRODUCTS_DIR; };
		838F5BC0D35CCE53E353FB4C /* Pods-iTunesify Remote.release.xcconfig */ = {isa = PBXFileReference; includeInIndex = 1; lastKnownFileType = text.xcconfig; name = "Pods-iTunesify Remote.release.xcconfig"; path = "Pods/Target Support Files/Pods-iTunesify Remote/Pods-iTunesify Remote.release.xcconfig"; sourceTree = "<group>"; };
		A3873E971D45A20300A9824B /* Spotify.h */ = {isa = PBXFileReference; lastKnownFileType = sourcecode.c.h; path = Spotify.h; sourceTree = "<group>"; };
		A3873E981D45A22800A9824B /* IFYSpotify.swift */ = {isa = PBXFileReference; fileEncoding = 4; lastKnownFileType = sourcecode.swift; path = IFYSpotify.swift; sourceTree = "<group>"; };
		A3873E9E1D45A6C000A9824B /* iTunesBridge.h */ = {isa = PBXFileReference; fileEncoding = 4; lastKnownFileType = sourcecode.c.h; path = iTunesBridge.h; sourceTree = "<group>"; };
		A3873E9F1D45A6C000A9824B /* iTunesBridge.m */ = {isa = PBXFileReference; fileEncoding = 4; lastKnownFileType = sourcecode.c.objc; path = iTunesBridge.m; sourceTree = "<group>"; };
		A3873EA11D45AA1F00A9824B /* SpotifyBridge.h */ = {isa = PBXFileReference; fileEncoding = 4; lastKnownFileType = sourcecode.c.h; path = SpotifyBridge.h; sourceTree = "<group>"; };
		A3873EA21D45AA1F00A9824B /* SpotifyBridge.m */ = {isa = PBXFileReference; fileEncoding = 4; lastKnownFileType = sourcecode.c.objc; path = SpotifyBridge.m; sourceTree = "<group>"; };
		A3873EA41D46D56500A9824B /* IFYSystemVolume.swift */ = {isa = PBXFileReference; fileEncoding = 4; lastKnownFileType = sourcecode.swift; path = IFYSystemVolume.swift; sourceTree = "<group>"; };
		A3873EA71D46D90900A9824B /* ISSoundAdditions.h */ = {isa = PBXFileReference; fileEncoding = 4; lastKnownFileType = sourcecode.c.h; path = ISSoundAdditions.h; sourceTree = "<group>"; };
		A3873EA81D46D90900A9824B /* ISSoundAdditions.m */ = {isa = PBXFileReference; fileEncoding = 4; lastKnownFileType = sourcecode.c.objc; path = ISSoundAdditions.m; sourceTree = "<group>"; };
		A3873EAA1D46D93300A9824B /* CoreAudio.framework */ = {isa = PBXFileReference; lastKnownFileType = wrapper.framework; name = CoreAudio.framework; path = System/Library/Frameworks/CoreAudio.framework; sourceTree = SDKROOT; };
		A3873EAC1D46E3B000A9824B /* NSBundle+AppInfo.swift */ = {isa = PBXFileReference; fileEncoding = 4; lastKnownFileType = sourcecode.swift; path = "NSBundle+AppInfo.swift"; sourceTree = "<group>"; };
		A3873EAE1D46E87E00A9824B /* IFYNetworkInfo.swift */ = {isa = PBXFileReference; fileEncoding = 4; lastKnownFileType = sourcecode.swift; path = IFYNetworkInfo.swift; sourceTree = "<group>"; };
		A38E84311D443C73003368BE /* IFYServer.swift */ = {isa = PBXFileReference; fileEncoding = 4; lastKnownFileType = sourcecode.swift; path = IFYServer.swift; sourceTree = "<group>"; };
		A38E84331D443C81003368BE /* Bridging-Header.h */ = {isa = PBXFileReference; lastKnownFileType = sourcecode.c.h; name = "Bridging-Header.h"; path = "iTunesify Remote/Bridging-Header.h"; sourceTree = SOURCE_ROOT; };
		A38E84361D4573D8003368BE /* IFYiTunes.swift */ = {isa = PBXFileReference; fileEncoding = 4; lastKnownFileType = sourcecode.swift; path = IFYiTunes.swift; sourceTree = "<group>"; };
		A38E843B1D457F8D003368BE /* ScriptingBridge.framework */ = {isa = PBXFileReference; lastKnownFileType = wrapper.framework; name = ScriptingBridge.framework; path = System/Library/Frameworks/ScriptingBridge.framework; sourceTree = SDKROOT; };
		A38E843D1D457FCD003368BE /* iTunes.h */ = {isa = PBXFileReference; fileEncoding = 4; lastKnownFileType = sourcecode.c.h; path = iTunes.h; sourceTree = "<group>"; };
		A38E84411D4585C7003368BE /* IFYTrack.swift */ = {isa = PBXFileReference; fileEncoding = 4; lastKnownFileType = sourcecode.swift; path = IFYTrack.swift; sourceTree = "<group>"; };
		A38E84431D45877E003368BE /* IFYPlayer.swift */ = {isa = PBXFileReference; fileEncoding = 4; lastKnownFileType = sourcecode.swift; path = IFYPlayer.swift; sourceTree = "<group>"; };
		A3F3D4851D2EA88700BE9D01 /* iTunesify Remote.app */ = {isa = PBXFileReference; explicitFileType = wrapper.application; includeInIndex = 0; path = "iTunesify Remote.app"; sourceTree = BUILT_PRODUCTS_DIR; };
		A3F3D4881D2EA88700BE9D01 /* AppDelegate.swift */ = {isa = PBXFileReference; lastKnownFileType = sourcecode.swift; path = AppDelegate.swift; sourceTree = "<group>"; };
		A3F3D48A1D2EA88700BE9D01 /* Assets.xcassets */ = {isa = PBXFileReference; lastKnownFileType = folder.assetcatalog; path = Assets.xcassets; sourceTree = "<group>"; };
		A3F3D48D1D2EA88700BE9D01 /* Base */ = {isa = PBXFileReference; lastKnownFileType = file.xib; name = Base; path = Base.lproj/MainMenu.xib; sourceTree = "<group>"; };
		A3F3D48F1D2EA88700BE9D01 /* Info.plist */ = {isa = PBXFileReference; lastKnownFileType = text.plist.xml; path = Info.plist; sourceTree = "<group>"; };
		A3F3D4951D2EAAF600BE9D01 /* StatusMenuController.swift */ = {isa = PBXFileReference; fileEncoding = 4; lastKnownFileType = sourcecode.swift; path = StatusMenuController.swift; sourceTree = "<group>"; };
		F84A014BEF0388C7A5EEA6AB /* Pods-iTunesify Remote.debug.xcconfig */ = {isa = PBXFileReference; includeInIndex = 1; lastKnownFileType = text.xcconfig; name = "Pods-iTunesify Remote.debug.xcconfig"; path = "Pods/Target Support Files/Pods-iTunesify Remote/Pods-iTunesify Remote.debug.xcconfig"; sourceTree = "<group>"; };
/* End PBXFileReference section */

/* Begin PBXFrameworksBuildPhase section */
		A3F3D4821D2EA88700BE9D01 /* Frameworks */ = {
			isa = PBXFrameworksBuildPhase;
			buildActionMask = 2147483647;
			files = (
				A3873EAB1D46D93300A9824B /* CoreAudio.framework in Frameworks */,
				A38E843C1D457F8D003368BE /* ScriptingBridge.framework in Frameworks */,
				0FF8606B6DF8D78EC63083FE /* Pods_iTunesify_Remote.framework in Frameworks */,
			);
			runOnlyForDeploymentPostprocessing = 0;
		};
/* End PBXFrameworksBuildPhase section */

/* Begin PBXGroup section */
		2D2D3EB595DA183470488704 /* Pods */ = {
			isa = PBXGroup;
			children = (
				F84A014BEF0388C7A5EEA6AB /* Pods-iTunesify Remote.debug.xcconfig */,
				838F5BC0D35CCE53E353FB4C /* Pods-iTunesify Remote.release.xcconfig */,
			);
			name = Pods;
			sourceTree = "<group>";
		};
		A3873E951D4595A000A9824B /* Server */ = {
			isa = PBXGroup;
			children = (
				A38E84311D443C73003368BE /* IFYServer.swift */,
			);
			name = Server;
			sourceTree = "<group>";
		};
		A3873E961D4595AB00A9824B /* UI */ = {
			isa = PBXGroup;
			children = (
				A3F3D48C1D2EA88700BE9D01 /* MainMenu.xib */,
				A3F3D4951D2EAAF600BE9D01 /* StatusMenuController.swift */,
			);
			name = UI;
			sourceTree = "<group>";
		};
		A3873E9A1D45A37000A9824B /* Scripting Bridges */ = {
			isa = PBXGroup;
			children = (
				A3873E9E1D45A6C000A9824B /* iTunesBridge.h */,
				A3873E9F1D45A6C000A9824B /* iTunesBridge.m */,
				A3873EA11D45AA1F00A9824B /* SpotifyBridge.h */,
				A3873EA21D45AA1F00A9824B /* SpotifyBridge.m */,
				A38E843D1D457FCD003368BE /* iTunes.h */,
				A3873E971D45A20300A9824B /* Spotify.h */,
			);
			name = "Scripting Bridges";
			sourceTree = "<group>";
		};
		A3873EA61D46D8FD00A9824B /* Volume */ = {
			isa = PBXGroup;
			children = (
				A3873EA41D46D56500A9824B /* IFYSystemVolume.swift */,
				A3873EA71D46D90900A9824B /* ISSoundAdditions.h */,
				A3873EA81D46D90900A9824B /* ISSoundAdditions.m */,
			);
			name = Volume;
			sourceTree = "<group>";
		};
		A38E84391D457CF0003368BE /* Player */ = {
			isa = PBXGroup;
			children = (
				A3873E9A1D45A37000A9824B /* Scripting Bridges */,
				A38E84431D45877E003368BE /* IFYPlayer.swift */,
				A38E84361D4573D8003368BE /* IFYiTunes.swift */,
				A3873E981D45A22800A9824B /* IFYSpotify.swift */,
				A38E84411D4585C7003368BE /* IFYTrack.swift */,
			);
			name = Player;
			sourceTree = "<group>";
		};
		A3F3D47C1D2EA88700BE9D01 = {
			isa = PBXGroup;
			children = (
				A3F3D4871D2EA88700BE9D01 /* iTunesify Remote */,
				A3F3D4861D2EA88700BE9D01 /* Products */,
				2D2D3EB595DA183470488704 /* Pods */,
				ECF90B5D624C7DA8DD5DDB87 /* Frameworks */,
			);
			sourceTree = "<group>";
		};
		A3F3D4861D2EA88700BE9D01 /* Products */ = {
			isa = PBXGroup;
			children = (
				A3F3D4851D2EA88700BE9D01 /* iTunesify Remote.app */,
			);
			name = Products;
			sourceTree = "<group>";
		};
		A3F3D4871D2EA88700BE9D01 /* iTunesify Remote */ = {
			isa = PBXGroup;
			children = (
				A3F3D4881D2EA88700BE9D01 /* AppDelegate.swift */,
				A3873E961D4595AB00A9824B /* UI */,
				A3873E951D4595A000A9824B /* Server */,
				A38E84391D457CF0003368BE /* Player */,
				A3873EA61D46D8FD00A9824B /* Volume */,
				A3F3D48A1D2EA88700BE9D01 /* Assets.xcassets */,
				A3F3D48F1D2EA88700BE9D01 /* Info.plist */,
				A38E84331D443C81003368BE /* Bridging-Header.h */,
				A3873EAC1D46E3B000A9824B /* NSBundle+AppInfo.swift */,
				A3873EAE1D46E87E00A9824B /* IFYNetworkInfo.swift */,
			);
			path = "iTunesify Remote";
			sourceTree = "<group>";
		};
		ECF90B5D624C7DA8DD5DDB87 /* Frameworks */ = {
			isa = PBXGroup;
			children = (
				A3873EAA1D46D93300A9824B /* CoreAudio.framework */,
				A38E843B1D457F8D003368BE /* ScriptingBridge.framework */,
				3071F4A5A4EDC6FAC25B36E9 /* Pods_iTunesify_Remote.framework */,
			);
			name = Frameworks;
			sourceTree = "<group>";
		};
/* End PBXGroup section */

/* Begin PBXNativeTarget section */
		A3F3D4841D2EA88700BE9D01 /* iTunesify Remote */ = {
			isa = PBXNativeTarget;
			buildConfigurationList = A3F3D4921D2EA88700BE9D01 /* Build configuration list for PBXNativeTarget "iTunesify Remote" */;
			buildPhases = (
				A7BD5757A259D0D946C89D5D /* [CP] Check Pods Manifest.lock */,
				A3F3D4811D2EA88700BE9D01 /* Sources */,
				A3F3D4821D2EA88700BE9D01 /* Frameworks */,
				A3F3D4831D2EA88700BE9D01 /* Resources */,
				E1FC2FC6763D332CFE5D8784 /* [CP] Embed Pods Frameworks */,
				55F3C9ADA76CD98CA2C3A64F /* [CP] Copy Pods Resources */,
				A3A0780A1D54285D0040745B /* Run SwiftLint */,
			);
			buildRules = (
			);
			dependencies = (
			);
			name = "iTunesify Remote";
			productName = "iTunesify Remote";
			productReference = A3F3D4851D2EA88700BE9D01 /* iTunesify Remote.app */;
			productType = "com.apple.product-type.application";
		};
/* End PBXNativeTarget section */

/* Begin PBXProject section */
		A3F3D47D1D2EA88700BE9D01 /* Project object */ = {
			isa = PBXProject;
			attributes = {
				LastSwiftUpdateCheck = 0730;
				LastUpgradeCheck = 0800;
				ORGANIZATIONNAME = "Mario Cecchi";
				TargetAttributes = {
					A3F3D4841D2EA88700BE9D01 = {
						CreatedOnToolsVersion = 7.3.1;
						DevelopmentTeam = 5JHLCV2DBL;
						DevelopmentTeamName = "Mario A C Raduan";
						LastSwiftMigration = 0800;
						ProvisioningStyle = Automatic;
					};
				};
			};
			buildConfigurationList = A3F3D4801D2EA88700BE9D01 /* Build configuration list for PBXProject "iTunesify Remote" */;
			compatibilityVersion = "Xcode 3.2";
			developmentRegion = English;
			hasScannedForEncodings = 0;
			knownRegions = (
				en,
				Base,
			);
			mainGroup = A3F3D47C1D2EA88700BE9D01;
			productRefGroup = A3F3D4861D2EA88700BE9D01 /* Products */;
			projectDirPath = "";
			projectRoot = "";
			targets = (
				A3F3D4841D2EA88700BE9D01 /* iTunesify Remote */,
			);
		};
/* End PBXProject section */

/* Begin PBXResourcesBuildPhase section */
		A3F3D4831D2EA88700BE9D01 /* Resources */ = {
			isa = PBXResourcesBuildPhase;
			buildActionMask = 2147483647;
			files = (
				A3F3D48B1D2EA88700BE9D01 /* Assets.xcassets in Resources */,
				A3F3D48E1D2EA88700BE9D01 /* MainMenu.xib in Resources */,
			);
			runOnlyForDeploymentPostprocessing = 0;
		};
/* End PBXResourcesBuildPhase section */

/* Begin PBXShellScriptBuildPhase section */
		55F3C9ADA76CD98CA2C3A64F /* [CP] Copy Pods Resources */ = {
			isa = PBXShellScriptBuildPhase;
			buildActionMask = 2147483647;
			files = (
			);
			inputPaths = (
			);
			name = "[CP] Copy Pods Resources";
			outputPaths = (
			);
			runOnlyForDeploymentPostprocessing = 0;
			shellPath = /bin/sh;
			shellScript = "\"${SRCROOT}/Pods/Target Support Files/Pods-iTunesify Remote/Pods-iTunesify Remote-resources.sh\"\n";
			showEnvVarsInLog = 0;
		};
		A3A0780A1D54285D0040745B /* Run SwiftLint */ = {
			isa = PBXShellScriptBuildPhase;
			buildActionMask = 2147483647;
			files = (
			);
			inputPaths = (
			);
			name = "Run SwiftLint";
			outputPaths = (
			);
			runOnlyForDeploymentPostprocessing = 0;
			shellPath = /bin/sh;
			shellScript = "if which swiftlint >/dev/null; then\nswiftlint\nelse\necho \"warning: SwiftLint not installed, download from https://github.com/realm/SwiftLint\"\nfi";
		};
		A7BD5757A259D0D946C89D5D /* [CP] Check Pods Manifest.lock */ = {
			isa = PBXShellScriptBuildPhase;
			buildActionMask = 2147483647;
			files = (
			);
			inputPaths = (
			);
			name = "[CP] Check Pods Manifest.lock";
			outputPaths = (
			);
			runOnlyForDeploymentPostprocessing = 0;
			shellPath = /bin/sh;
			shellScript = "diff \"${PODS_ROOT}/../Podfile.lock\" \"${PODS_ROOT}/Manifest.lock\" > /dev/null\nif [ $? != 0 ] ; then\n    # print error to STDERR\n    echo \"error: The sandbox is not in sync with the Podfile.lock. Run 'pod install' or update your CocoaPods installation.\" >&2\n    exit 1\nfi\n";
			showEnvVarsInLog = 0;
		};
		E1FC2FC6763D332CFE5D8784 /* [CP] Embed Pods Frameworks */ = {
			isa = PBXShellScriptBuildPhase;
			buildActionMask = 2147483647;
			files = (
			);
			inputPaths = (
			);
			name = "[CP] Embed Pods Frameworks";
			outputPaths = (
			);
			runOnlyForDeploymentPostprocessing = 0;
			shellPath = /bin/sh;
			shellScript = "\"${SRCROOT}/Pods/Target Support Files/Pods-iTunesify Remote/Pods-iTunesify Remote-frameworks.sh\"\n";
			showEnvVarsInLog = 0;
		};
/* End PBXShellScriptBuildPhase section */

/* Begin PBXSourcesBuildPhase section */
		A3F3D4811D2EA88700BE9D01 /* Sources */ = {
			isa = PBXSourcesBuildPhase;
			buildActionMask = 2147483647;
			files = (
				A38E84441D45877E003368BE /* IFYPlayer.swift in Sources */,
				A3873EAD1D46E3B000A9824B /* NSBundle+AppInfo.swift in Sources */,
				A3F3D4961D2EAAF600BE9D01 /* StatusMenuController.swift in Sources */,
				A38E84321D443C73003368BE /* IFYServer.swift in Sources */,
				A3873EA91D46D90900A9824B /* ISSoundAdditions.m in Sources */,
				A3873EA31D45AA1F00A9824B /* SpotifyBridge.m in Sources */,
				A3873E991D45A22800A9824B /* IFYSpotify.swift in Sources */,
				A38E84371D4573D8003368BE /* IFYiTunes.swift in Sources */,
				A38E84421D4585C7003368BE /* IFYTrack.swift in Sources */,
				A3873EA01D45A6C000A9824B /* iTunesBridge.m in Sources */,
				A3873EAF1D46E87E00A9824B /* IFYNetworkInfo.swift in Sources */,
				A3F3D4891D2EA88700BE9D01 /* AppDelegate.swift in Sources */,
				A3873EA51D46D56500A9824B /* IFYSystemVolume.swift in Sources */,
			);
			runOnlyForDeploymentPostprocessing = 0;
		};
/* End PBXSourcesBuildPhase section */

/* Begin PBXVariantGroup section */
		A3F3D48C1D2EA88700BE9D01 /* MainMenu.xib */ = {
			isa = PBXVariantGroup;
			children = (
				A3F3D48D1D2EA88700BE9D01 /* Base */,
			);
			name = MainMenu.xib;
			sourceTree = "<group>";
		};
/* End PBXVariantGroup section */

/* Begin XCBuildConfiguration section */
		A3F3D4901D2EA88700BE9D01 /* Debug */ = {
			isa = XCBuildConfiguration;
			buildSettings = {
				ALWAYS_SEARCH_USER_PATHS = NO;
				CLANG_ANALYZER_NONNULL = YES;
				CLANG_CXX_LANGUAGE_STANDARD = "gnu++0x";
				CLANG_CXX_LIBRARY = "libc++";
				CLANG_ENABLE_MODULES = YES;
				CLANG_ENABLE_OBJC_ARC = YES;
				CLANG_WARN_BOOL_CONVERSION = YES;
				CLANG_WARN_CONSTANT_CONVERSION = YES;
				CLANG_WARN_DIRECT_OBJC_ISA_USAGE = YES_ERROR;
				CLANG_WARN_EMPTY_BODY = YES;
				CLANG_WARN_ENUM_CONVERSION = YES;
				CLANG_WARN_INT_CONVERSION = YES;
				CLANG_WARN_OBJC_ROOT_CLASS = YES_ERROR;
				CLANG_WARN_UNREACHABLE_CODE = YES;
				CLANG_WARN__DUPLICATE_METHOD_MATCH = YES;
				CODE_SIGN_IDENTITY = "-";
				COPY_PHASE_STRIP = NO;
				DEBUG_INFORMATION_FORMAT = dwarf;
				ENABLE_STRICT_OBJC_MSGSEND = YES;
				ENABLE_TESTABILITY = YES;
				GCC_C_LANGUAGE_STANDARD = gnu99;
				GCC_DYNAMIC_NO_PIC = NO;
				GCC_NO_COMMON_BLOCKS = YES;
				GCC_OPTIMIZATION_LEVEL = 0;
				GCC_PREPROCESSOR_DEFINITIONS = (
					"DEBUG=1",
					"$(inherited)",
				);
				GCC_WARN_64_TO_32_BIT_CONVERSION = YES;
				GCC_WARN_ABOUT_RETURN_TYPE = YES_ERROR;
				GCC_WARN_UNDECLARED_SELECTOR = YES;
				GCC_WARN_UNINITIALIZED_AUTOS = YES_AGGRESSIVE;
				GCC_WARN_UNUSED_FUNCTION = YES;
				GCC_WARN_UNUSED_VARIABLE = YES;
				MACOSX_DEPLOYMENT_TARGET = 10.11;
				MTL_ENABLE_DEBUG_INFO = YES;
				ONLY_ACTIVE_ARCH = YES;
				SDKROOT = macosx;
				SWIFT_OPTIMIZATION_LEVEL = "-Onone";
			};
			name = Debug;
		};
		A3F3D4911D2EA88700BE9D01 /* Release */ = {
			isa = XCBuildConfiguration;
			buildSettings = {
				ALWAYS_SEARCH_USER_PATHS = NO;
				CLANG_ANALYZER_NONNULL = YES;
				CLANG_CXX_LANGUAGE_STANDARD = "gnu++0x";
				CLANG_CXX_LIBRARY = "libc++";
				CLANG_ENABLE_MODULES = YES;
				CLANG_ENABLE_OBJC_ARC = YES;
				CLANG_WARN_BOOL_CONVERSION = YES;
				CLANG_WARN_CONSTANT_CONVERSION = YES;
				CLANG_WARN_DIRECT_OBJC_ISA_USAGE = YES_ERROR;
				CLANG_WARN_EMPTY_BODY = YES;
				CLANG_WARN_ENUM_CONVERSION = YES;
				CLANG_WARN_INT_CONVERSION = YES;
				CLANG_WARN_OBJC_ROOT_CLASS = YES_ERROR;
				CLANG_WARN_UNREACHABLE_CODE = YES;
				CLANG_WARN__DUPLICATE_METHOD_MATCH = YES;
				CODE_SIGN_IDENTITY = "-";
				COPY_PHASE_STRIP = NO;
				DEBUG_INFORMATION_FORMAT = "dwarf-with-dsym";
				ENABLE_NS_ASSERTIONS = NO;
				ENABLE_STRICT_OBJC_MSGSEND = YES;
				GCC_C_LANGUAGE_STANDARD = gnu99;
				GCC_NO_COMMON_BLOCKS = YES;
				GCC_WARN_64_TO_32_BIT_CONVERSION = YES;
				GCC_WARN_ABOUT_RETURN_TYPE = YES_ERROR;
				GCC_WARN_UNDECLARED_SELECTOR = YES;
				GCC_WARN_UNINITIALIZED_AUTOS = YES_AGGRESSIVE;
				GCC_WARN_UNUSED_FUNCTION = YES;
				GCC_WARN_UNUSED_VARIABLE = YES;
				MACOSX_DEPLOYMENT_TARGET = 10.11;
				MTL_ENABLE_DEBUG_INFO = NO;
				SDKROOT = macosx;
			};
			name = Release;
		};
		A3F3D4931D2EA88700BE9D01 /* Debug */ = {
			isa = XCBuildConfiguration;
			baseConfigurationReference = F84A014BEF0388C7A5EEA6AB /* Pods-iTunesify Remote.debug.xcconfig */;
			buildSettings = {
				ASSETCATALOG_COMPILER_APPICON_NAME = AppIcon;
				CLANG_ENABLE_MODULES = YES;
				CODE_SIGN_IDENTITY = "Mac Developer";
				COMBINE_HIDPI_IMAGES = YES;
				CURRENT_PROJECT_VERSION = 1;
				INFOPLIST_FILE = "iTunesify Remote/Info.plist";
				LD_RUNPATH_SEARCH_PATHS = "$(inherited) @executable_path/../Frameworks";
				MACOSX_DEPLOYMENT_TARGET = 10.10;
				PRODUCT_BUNDLE_IDENTIFIER = xyz.meriw.itunesify;
				PRODUCT_NAME = "$(TARGET_NAME)";
				SWIFT_OBJC_BRIDGING_HEADER = "iTunesify Remote/Bridging-Header.h";
				SWIFT_OPTIMIZATION_LEVEL = "-Onone";
				SWIFT_VERSION = 3.0;
			};
			name = Debug;
		};
		A3F3D4941D2EA88700BE9D01 /* Release */ = {
			isa = XCBuildConfiguration;
			baseConfigurationReference = 838F5BC0D35CCE53E353FB4C /* Pods-iTunesify Remote.release.xcconfig */;
			buildSettings = {
				ASSETCATALOG_COMPILER_APPICON_NAME = AppIcon;
				CLANG_ENABLE_MODULES = YES;
				CODE_SIGN_IDENTITY = "Mac Developer";
				COMBINE_HIDPI_IMAGES = YES;
				CURRENT_PROJECT_VERSION = 1;
				INFOPLIST_FILE = "iTunesify Remote/Info.plist";
				LD_RUNPATH_SEARCH_PATHS = "$(inherited) @executable_path/../Frameworks";
				MACOSX_DEPLOYMENT_TARGET = 10.10;
				PRODUCT_BUNDLE_IDENTIFIER = xyz.meriw.itunesify;
				PRODUCT_NAME = "$(TARGET_NAME)";
				SWIFT_OBJC_BRIDGING_HEADER = "iTunesify Remote/Bridging-Header.h";
				SWIFT_OPTIMIZATION_LEVEL = "-Owholemodule";
				SWIFT_VERSION = 3.0;
			};
			name = Release;
		};
/* End XCBuildConfiguration section */

/* Begin XCConfigurationList section */
		A3F3D4801D2EA88700BE9D01 /* Build configuration list for PBXProject "iTunesify Remote" */ = {
			isa = XCConfigurationList;
			buildConfigurations = (
				A3F3D4901D2EA88700BE9D01 /* Debug */,
				A3F3D4911D2EA88700BE9D01 /* Release */,
			);
			defaultConfigurationIsVisible = 0;
			defaultConfigurationName = Release;
		};
		A3F3D4921D2EA88700BE9D01 /* Build configuration list for PBXNativeTarget "iTunesify Remote" */ = {
			isa = XCConfigurationList;
			buildConfigurations = (
				A3F3D4931D2EA88700BE9D01 /* Debug */,
				A3F3D4941D2EA88700BE9D01 /* Release */,
			);
			defaultConfigurationIsVisible = 0;
			defaultConfigurationName = Release;
		};
/* End XCConfigurationList section */
	};
	rootObject = A3F3D47D1D2EA88700BE9D01 /* Project object */;
}
